// !$*UTF8*$!
{
	archiveVersion = 1;
	classes = {
	};
	objectVersion = 50;
	objects = {

/* Begin PBXBuildFile section */
		523B24AD2229D89100F25B20 /* AppDelegate.swift in Sources */ = {isa = PBXBuildFile; fileRef = 523B24AC2229D89100F25B20 /* AppDelegate.swift */; };
		523B24AF2229D89100F25B20 /* ViewController.swift in Sources */ = {isa = PBXBuildFile; fileRef = 523B24AE2229D89100F25B20 /* ViewController.swift */; };
		523B24B22229D89100F25B20 /* Main.storyboard in Resources */ = {isa = PBXBuildFile; fileRef = 523B24B02229D89100F25B20 /* Main.storyboard */; };
		523B24B52229D89100F25B20 /* ColorScroll.xcdatamodeld in Sources */ = {isa = PBXBuildFile; fileRef = 523B24B32229D89100F25B20 /* ColorScroll.xcdatamodeld */; };
		523B24B72229D89100F25B20 /* Assets.xcassets in Resources */ = {isa = PBXBuildFile; fileRef = 523B24B62229D89100F25B20 /* Assets.xcassets */; };
		523B24BA2229D89100F25B20 /* LaunchScreen.storyboard in Resources */ = {isa = PBXBuildFile; fileRef = 523B24B82229D89100F25B20 /* LaunchScreen.storyboard */; };
		523B24C52229D89100F25B20 /* ColorScrollTests.swift in Sources */ = {isa = PBXBuildFile; fileRef = 523B24C42229D89100F25B20 /* ColorScrollTests.swift */; };
		523B24D02229D89100F25B20 /* ColorScrollUITests.swift in Sources */ = {isa = PBXBuildFile; fileRef = 523B24CF2229D89100F25B20 /* ColorScrollUITests.swift */; };
		523B24DE2229DA2900F25B20 /* AllColor.swift in Sources */ = {isa = PBXBuildFile; fileRef = 523B24DD2229DA2900F25B20 /* AllColor.swift */; };
		523B24DF2229DA2900F25B20 /* AllColor.swift in Sources */ = {isa = PBXBuildFile; fileRef = 523B24DD2229DA2900F25B20 /* AllColor.swift */; };
		523B24E02229DA2900F25B20 /* AllColor.swift in Sources */ = {isa = PBXBuildFile; fileRef = 523B24DD2229DA2900F25B20 /* AllColor.swift */; };
/* End PBXBuildFile section */

/* Begin PBXContainerItemProxy section */
		523B24C12229D89100F25B20 /* PBXContainerItemProxy */ = {
			isa = PBXContainerItemProxy;
			containerPortal = 523B24A12229D89100F25B20 /* Project object */;
			proxyType = 1;
			remoteGlobalIDString = 523B24A82229D89100F25B20;
			remoteInfo = ColorScroll;
		};
		523B24CC2229D89100F25B20 /* PBXContainerItemProxy */ = {
			isa = PBXContainerItemProxy;
			containerPortal = 523B24A12229D89100F25B20 /* Project object */;
			proxyType = 1;
			remoteGlobalIDString = 523B24A82229D89100F25B20;
			remoteInfo = ColorScroll;
		};
/* End PBXContainerItemProxy section */

/* Begin PBXFileReference section */
		523B24A92229D89100F25B20 /* ColorScroll.app */ = {isa = PBXFileReference; explicitFileType = wrapper.application; includeInIndex = 0; path = ColorScroll.app; sourceTree = BUILT_PRODUCTS_DIR; };
		523B24AC2229D89100F25B20 /* AppDelegate.swift */ = {isa = PBXFileReference; lastKnownFileType = sourcecode.swift; path = AppDelegate.swift; sourceTree = "<group>"; };
		523B24AE2229D89100F25B20 /* ViewController.swift */ = {isa = PBXFileReference; lastKnownFileType = sourcecode.swift; path = ViewController.swift; sourceTree = "<group>"; };
		523B24B12229D89100F25B20 /* Base */ = {isa = PBXFileReference; lastKnownFileType = file.storyboard; name = Base; path = Base.lproj/Main.storyboard; sourceTree = "<group>"; };
		523B24B42229D89100F25B20 /* ColorScroll.xcdatamodel */ = {isa = PBXFileReference; lastKnownFileType = wrapper.xcdatamodel; path = ColorScroll.xcdatamodel; sourceTree = "<group>"; };
		523B24B62229D89100F25B20 /* Assets.xcassets */ = {isa = PBXFileReference; lastKnownFileType = folder.assetcatalog; path = Assets.xcassets; sourceTree = "<group>"; };
		523B24B92229D89100F25B20 /* Base */ = {isa = PBXFileReference; lastKnownFileType = file.storyboard; name = Base; path = Base.lproj/LaunchScreen.storyboard; sourceTree = "<group>"; };
		523B24BB2229D89100F25B20 /* Info.plist */ = {isa = PBXFileReference; lastKnownFileType = text.plist.xml; path = Info.plist; sourceTree = "<group>"; };
		523B24C02229D89100F25B20 /* ColorScrollTests.xctest */ = {isa = PBXFileReference; explicitFileType = wrapper.cfbundle; includeInIndex = 0; path = ColorScrollTests.xctest; sourceTree = BUILT_PRODUCTS_DIR; };
		523B24C42229D89100F25B20 /* ColorScrollTests.swift */ = {isa = PBXFileReference; lastKnownFileType = sourcecode.swift; path = ColorScrollTests.swift; sourceTree = "<group>"; };
		523B24C62229D89100F25B20 /* Info.plist */ = {isa = PBXFileReference; lastKnownFileType = text.plist.xml; path = Info.plist; sourceTree = "<group>"; };
		523B24CB2229D89100F25B20 /* ColorScrollUITests.xctest */ = {isa = PBXFileReference; explicitFileType = wrapper.cfbundle; includeInIndex = 0; path = ColorScrollUITests.xctest; sourceTree = BUILT_PRODUCTS_DIR; };
		523B24CF2229D89100F25B20 /* ColorScrollUITests.swift */ = {isa = PBXFileReference; lastKnownFileType = sourcecode.swift; path = ColorScrollUITests.swift; sourceTree = "<group>"; };
		523B24D12229D89100F25B20 /* Info.plist */ = {isa = PBXFileReference; lastKnownFileType = text.plist.xml; path = Info.plist; sourceTree = "<group>"; };
		523B24DD2229DA2900F25B20 /* AllColor.swift */ = {isa = PBXFileReference; fileEncoding = 4; lastKnownFileType = sourcecode.swift; path = AllColor.swift; sourceTree = "<group>"; };
/* End PBXFileReference section */

/* Begin PBXFrameworksBuildPhase section */
		523B24A62229D89100F25B20 /* Frameworks */ = {
			isa = PBXFrameworksBuildPhase;
			buildActionMask = 2147483647;
			files = (
			);
			runOnlyForDeploymentPostprocessing = 0;
		};
		523B24BD2229D89100F25B20 /* Frameworks */ = {
			isa = PBXFrameworksBuildPhase;
			buildActionMask = 2147483647;
			files = (
			);
			runOnlyForDeploymentPostprocessing = 0;
		};
		523B24C82229D89100F25B20 /* Frameworks */ = {
			isa = PBXFrameworksBuildPhase;
			buildActionMask = 2147483647;
			files = (
			);
			runOnlyForDeploymentPostprocessing = 0;
		};
/* End PBXFrameworksBuildPhase section */

/* Begin PBXGroup section */
		523B24A02229D89100F25B20 = {
			isa = PBXGroup;
			children = (
				523B24AB2229D89100F25B20 /* ColorScroll */,
				523B24C32229D89100F25B20 /* ColorScrollTests */,
				523B24CE2229D89100F25B20 /* ColorScrollUITests */,
				523B24AA2229D89100F25B20 /* Products */,
			);
			sourceTree = "<group>";
		};
		523B24AA2229D89100F25B20 /* Products */ = {
			isa = PBXGroup;
			children = (
				523B24A92229D89100F25B20 /* ColorScroll.app */,
				523B24C02229D89100F25B20 /* ColorScrollTests.xctest */,
				523B24CB2229D89100F25B20 /* ColorScrollUITests.xctest */,
			);
			name = Products;
			sourceTree = "<group>";
		};
		523B24AB2229D89100F25B20 /* ColorScroll */ = {
			isa = PBXGroup;
			children = (
				523B24AC2229D89100F25B20 /* AppDelegate.swift */,
				523B24AE2229D89100F25B20 /* ViewController.swift */,
				523B24B02229D89100F25B20 /* Main.storyboard */,
				523B24DD2229DA2900F25B20 /* AllColor.swift */,
				523B24B62229D89100F25B20 /* Assets.xcassets */,
				523B24B82229D89100F25B20 /* LaunchScreen.storyboard */,
				523B24BB2229D89100F25B20 /* Info.plist */,
				523B24B32229D89100F25B20 /* ColorScroll.xcdatamodeld */,
			);
			path = ColorScroll;
			sourceTree = "<group>";
		};
		523B24C32229D89100F25B20 /* ColorScrollTests */ = {
			isa = PBXGroup;
			children = (
				523B24C42229D89100F25B20 /* ColorScrollTests.swift */,
				523B24C62229D89100F25B20 /* Info.plist */,
			);
			path = ColorScrollTests;
			sourceTree = "<group>";
		};
		523B24CE2229D89100F25B20 /* ColorScrollUITests */ = {
			isa = PBXGroup;
			children = (
				523B24CF2229D89100F25B20 /* ColorScrollUITests.swift */,
				523B24D12229D89100F25B20 /* Info.plist */,
			);
			path = ColorScrollUITests;
			sourceTree = "<group>";
		};
/* End PBXGroup section */

/* Begin PBXNativeTarget section */
		523B24A82229D89100F25B20 /* ColorScroll */ = {
			isa = PBXNativeTarget;
			buildConfigurationList = 523B24D42229D89100F25B20 /* Build configuration list for PBXNativeTarget "ColorScroll" */;
			buildPhases = (
				523B24A52229D89100F25B20 /* Sources */,
				523B24A62229D89100F25B20 /* Frameworks */,
				523B24A72229D89100F25B20 /* Resources */,
			);
			buildRules = (
			);
			dependencies = (
			);
			name = ColorScroll;
			productName = ColorScroll;
			productReference = 523B24A92229D89100F25B20 /* ColorScroll.app */;
			productType = "com.apple.product-type.application";
		};
		523B24BF2229D89100F25B20 /* ColorScrollTests */ = {
			isa = PBXNativeTarget;
			buildConfigurationList = 523B24D72229D89100F25B20 /* Build configuration list for PBXNativeTarget "ColorScrollTests" */;
			buildPhases = (
				523B24BC2229D89100F25B20 /* Sources */,
				523B24BD2229D89100F25B20 /* Frameworks */,
				523B24BE2229D89100F25B20 /* Resources */,
			);
			buildRules = (
			);
			dependencies = (
				523B24C22229D89100F25B20 /* PBXTargetDependency */,
			);
			name = ColorScrollTests;
			productName = ColorScrollTests;
			productReference = 523B24C02229D89100F25B20 /* ColorScrollTests.xctest */;
			productType = "com.apple.product-type.bundle.unit-test";
		};
		523B24CA2229D89100F25B20 /* ColorScrollUITests */ = {
			isa = PBXNativeTarget;
			buildConfigurationList = 523B24DA2229D89100F25B20 /* Build configuration list for PBXNativeTarget "ColorScrollUITests" */;
			buildPhases = (
				523B24C72229D89100F25B20 /* Sources */,
				523B24C82229D89100F25B20 /* Frameworks */,
				523B24C92229D89100F25B20 /* Resources */,
			);
			buildRules = (
			);
			dependencies = (
				523B24CD2229D89100F25B20 /* PBXTargetDependency */,
			);
			name = ColorScrollUITests;
			productName = ColorScrollUITests;
			productReference = 523B24CB2229D89100F25B20 /* ColorScrollUITests.xctest */;
			productType = "com.apple.product-type.bundle.ui-testing";
		};
/* End PBXNativeTarget section */

/* Begin PBXProject section */
		523B24A12229D89100F25B20 /* Project object */ = {
			isa = PBXProject;
			attributes = {
				LastSwiftUpdateCheck = 1010;
				LastUpgradeCheck = 1010;
				ORGANIZATIONNAME = Elkhateeb;
				TargetAttributes = {
					523B24A82229D89100F25B20 = {
						CreatedOnToolsVersion = 10.1;
					};
					523B24BF2229D89100F25B20 = {
						CreatedOnToolsVersion = 10.1;
						TestTargetID = 523B24A82229D89100F25B20;
					};
					523B24CA2229D89100F25B20 = {
						CreatedOnToolsVersion = 10.1;
						TestTargetID = 523B24A82229D89100F25B20;
					};
				};
			};
			buildConfigurationList = 523B24A42229D89100F25B20 /* Build configuration list for PBXProject "ColorScroll" */;
			compatibilityVersion = "Xcode 9.3";
			developmentRegion = en;
			hasScannedForEncodings = 0;
			knownRegions = (
				en,
				Base,
			);
			mainGroup = 523B24A02229D89100F25B20;
			productRefGroup = 523B24AA2229D89100F25B20 /* Products */;
			projectDirPath = "";
			projectRoot = "";
			targets = (
				523B24A82229D89100F25B20 /* ColorScroll */,
				523B24BF2229D89100F25B20 /* ColorScrollTests */,
				523B24CA2229D89100F25B20 /* ColorScrollUITests */,
			);
		};
/* End PBXProject section */

/* Begin PBXResourcesBuildPhase section */
		523B24A72229D89100F25B20 /* Resources */ = {
			isa = PBXResourcesBuildPhase;
			buildActionMask = 2147483647;
			files = (
				523B24BA2229D89100F25B20 /* LaunchScreen.storyboard in Resources */,
				523B24B72229D89100F25B20 /* Assets.xcassets in Resources */,
				523B24B22229D89100F25B20 /* Main.storyboard in Resources */,
			);
			runOnlyForDeploymentPostprocessing = 0;
		};
		523B24BE2229D89100F25B20 /* Resources */ = {
			isa = PBXResourcesBuildPhase;
			buildActionMask = 2147483647;
			files = (
			);
			runOnlyForDeploymentPostprocessing = 0;
		};
		523B24C92229D89100F25B20 /* Resources */ = {
			isa = PBXResourcesBuildPhase;
			buildActionMask = 2147483647;
			files = (
			);
			runOnlyForDeploymentPostprocessing = 0;
		};
/* End PBXResourcesBuildPhase section */

/* Begin PBXSourcesBuildPhase section */
		523B24A52229D89100F25B20 /* Sources */ = {
			isa = PBXSourcesBuildPhase;
			buildActionMask = 2147483647;
			files = (
				523B24B52229D89100F25B20 /* ColorScroll.xcdatamodeld in Sources */,
				523B24DE2229DA2900F25B20 /* AllColor.swift in Sources */,
				523B24AF2229D89100F25B20 /* ViewController.swift in Sources */,
				523B24AD2229D89100F25B20 /* AppDelegate.swift in Sources */,
			);
			runOnlyForDeploymentPostprocessing = 0;
		};
		523B24BC2229D89100F25B20 /* Sources */ = {
			isa = PBXSourcesBuildPhase;
			buildActionMask = 2147483647;
			files = (
				523B24C52229D89100F25B20 /* ColorScrollTests.swift in Sources */,
				523B24DF2229DA2900F25B20 /* AllColor.swift in Sources */,
			);
			runOnlyForDeploymentPostprocessing = 0;
		};
		523B24C72229D89100F25B20 /* Sources */ = {
			isa = PBXSourcesBuildPhase;
			buildActionMask = 2147483647;
			files = (
				523B24D02229D89100F25B20 /* ColorScrollUITests.swift in Sources */,
				523B24E02229DA2900F25B20 /* AllColor.swift in Sources */,
			);
			runOnlyForDeploymentPostprocessing = 0;
		};
/* End PBXSourcesBuildPhase section */

/* Begin PBXTargetDependency section */
		523B24C22229D89100F25B20 /* PBXTargetDependency */ = {
			isa = PBXTargetDependency;
			target = 523B24A82229D89100F25B20 /* ColorScroll */;
			targetProxy = 523B24C12229D89100F25B20 /* PBXContainerItemProxy */;
		};
		523B24CD2229D89100F25B20 /* PBXTargetDependency */ = {
			isa = PBXTargetDependency;
			target = 523B24A82229D89100F25B20 /* ColorScroll */;
			targetProxy = 523B24CC2229D89100F25B20 /* PBXContainerItemProxy */;
		};
/* End PBXTargetDependency section */

/* Begin PBXVariantGroup section */
		523B24B02229D89100F25B20 /* Main.storyboard */ = {
			isa = PBXVariantGroup;
			children = (
				523B24B12229D89100F25B20 /* Base */,
			);
			name = Main.storyboard;
			sourceTree = "<group>";
		};
		523B24B82229D89100F25B20 /* LaunchScreen.storyboard */ = {
			isa = PBXVariantGroup;
			children = (
				523B24B92229D89100F25B20 /* Base */,
			);
			name = LaunchScreen.storyboard;
			sourceTree = "<group>";
		};
/* End PBXVariantGroup section */

/* Begin XCBuildConfiguration section */
		523B24D22229D89100F25B20 /* Debug */ = {
			isa = XCBuildConfiguration;
			buildSettings = {
				ALWAYS_SEARCH_USER_PATHS = NO;
				CLANG_ANALYZER_NONNULL = YES;
				CLANG_ANALYZER_NUMBER_OBJECT_CONVERSION = YES_AGGRESSIVE;
				CLANG_CXX_LANGUAGE_STANDARD = "gnu++14";
				CLANG_CXX_LIBRARY = "libc++";
				CLANG_ENABLE_MODULES = YES;
				CLANG_ENABLE_OBJC_ARC = YES;
				CLANG_ENABLE_OBJC_WEAK = YES;
				CLANG_WARN_BLOCK_CAPTURE_AUTORELEASING = YES;
				CLANG_WARN_BOOL_CONVERSION = YES;
				CLANG_WARN_COMMA = YES;
				CLANG_WARN_CONSTANT_CONVERSION = YES;
				CLANG_WARN_DEPRECATED_OBJC_IMPLEMENTATIONS = YES;
				CLANG_WARN_DIRECT_OBJC_ISA_USAGE = YES_ERROR;
				CLANG_WARN_DOCUMENTATION_COMMENTS = YES;
				CLANG_WARN_EMPTY_BODY = YES;
				CLANG_WARN_ENUM_CONVERSION = YES;
				CLANG_WARN_INFINITE_RECURSION = YES;
				CLANG_WARN_INT_CONVERSION = YES;
				CLANG_WARN_NON_LITERAL_NULL_CONVERSION = YES;
				CLANG_WARN_OBJC_IMPLICIT_RETAIN_SELF = YES;
				CLANG_WARN_OBJC_LITERAL_CONVERSION = YES;
				CLANG_WARN_OBJC_ROOT_CLASS = YES_ERROR;
				CLANG_WARN_RANGE_LOOP_ANALYSIS = YES;
				CLANG_WARN_STRICT_PROTOTYPES = YES;
				CLANG_WARN_SUSPICIOUS_MOVE = YES;
				CLANG_WARN_UNGUARDED_AVAILABILITY = YES_AGGRESSIVE;
				CLANG_WARN_UNREACHABLE_CODE = YES;
				CLANG_WARN__DUPLICATE_METHOD_MATCH = YES;
				CODE_SIGN_IDENTITY = "iPhone Developer";
				COPY_PHASE_STRIP = NO;
				DEBUG_INFORMATION_FORMAT = dwarf;
				ENABLE_STRICT_OBJC_MSGSEND = YES;
				ENABLE_TESTABILITY = YES;
				GCC_C_LANGUAGE_STANDARD = gnu11;
				GCC_DYNAMIC_NO_PIC = NO;
				GCC_NO_COMMON_BLOCKS = YES;
				GCC_OPTIMIZATION_LEVEL = 0;
				GCC_PREPROCESSOR_DEFINITIONS = (
					"DEBUG=1",
					"$(inherited)",
				);
				GCC_WARN_64_TO_32_BIT_CONVERSION = YES;
				GCC_WARN_ABOUT_RETURN_TYPE = YES_ERROR;
				GCC_WARN_UNDECLARED_SELECTOR = YES;
				GCC_WARN_UNINITIALIZED_AUTOS = YES_AGGRESSIVE;
				GCC_WARN_UNUSED_FUNCTION = YES;
				GCC_WARN_UNUSED_VARIABLE = YES;
				IPHONEOS_DEPLOYMENT_TARGET = 12.1;
				MTL_ENABLE_DEBUG_INFO = INCLUDE_SOURCE;
				MTL_FAST_MATH = YES;
				ONLY_ACTIVE_ARCH = YES;
				SDKROOT = iphoneos;
				SWIFT_ACTIVE_COMPILATION_CONDITIONS = DEBUG;
				SWIFT_OPTIMIZATION_LEVEL = "-Onone";
			};
			name = Debug;
		};
		523B24D32229D89100F25B20 /* Release */ = {
			isa = XCBuildConfiguration;
			buildSettings = {
				ALWAYS_SEARCH_USER_PATHS = NO;
				CLANG_ANALYZER_NONNULL = YES;
				CLANG_ANALYZER_NUMBER_OBJECT_CONVERSION = YES_AGGRESSIVE;
				CLANG_CXX_LANGUAGE_STANDARD = "gnu++14";
				CLANG_CXX_LIBRARY = "libc++";
				CLANG_ENABLE_MODULES = YES;
				CLANG_ENABLE_OBJC_ARC = YES;
				CLANG_ENABLE_OBJC_WEAK = YES;
				CLANG_WARN_BLOCK_CAPTURE_AUTORELEASING = YES;
				CLANG_WARN_BOOL_CONVERSION = YES;
				CLANG_WARN_COMMA = YES;
				CLANG_WARN_CONSTANT_CONVERSION = YES;
				CLANG_WARN_DEPRECATED_OBJC_IMPLEMENTATIONS = YES;
				CLANG_WARN_DIRECT_OBJC_ISA_USAGE = YES_ERROR;
				CLANG_WARN_DOCUMENTATION_COMMENTS = YES;
				CLANG_WARN_EMPTY_BODY = YES;
				CLANG_WARN_ENUM_CONVERSION = YES;
				CLANG_WARN_INFINITE_RECURSION = YES;
				CLANG_WARN_INT_CONVERSION = YES;
				CLANG_WARN_NON_LITERAL_NULL_CONVERSION = YES;
				CLANG_WARN_OBJC_IMPLICIT_RETAIN_SELF = YES;
				CLANG_WARN_OBJC_LITERAL_CONVERSION = YES;
				CLANG_WARN_OBJC_ROOT_CLASS = YES_ERROR;
				CLANG_WARN_RANGE_LOOP_ANALYSIS = YES;
				CLANG_WARN_STRICT_PROTOTYPES = YES;
				CLANG_WARN_SUSPICIOUS_MOVE = YES;
				CLANG_WARN_UNGUARDED_AVAILABILITY = YES_AGGRESSIVE;
				CLANG_WARN_UNREACHABLE_CODE = YES;
				CLANG_WARN__DUPLICATE_METHOD_MATCH = YES;
				CODE_SIGN_IDENTITY = "iPhone Developer";
				COPY_PHASE_STRIP = NO;
				DEBUG_INFORMATION_FORMAT = "dwarf-with-dsym";
				ENABLE_NS_ASSERTIONS = NO;
				ENABLE_STRICT_OBJC_MSGSEND = YES;
				GCC_C_LANGUAGE_STANDARD = gnu11;
				GCC_NO_COMMON_BLOCKS = YES;
				GCC_WARN_64_TO_32_BIT_CONVERSION = YES;
				GCC_WARN_ABOUT_RETURN_TYPE = YES_ERROR;
				GCC_WARN_UNDECLARED_SELECTOR = YES;
				GCC_WARN_UNINITIALIZED_AUTOS = YES_AGGRESSIVE;
				GCC_WARN_UNUSED_FUNCTION = YES;
				GCC_WARN_UNUSED_VARIABLE = YES;
				IPHONEOS_DEPLOYMENT_TARGET = 12.1;
				MTL_ENABLE_DEBUG_INFO = NO;
				MTL_FAST_MATH = YES;
				SDKROOT = iphoneos;
				SWIFT_COMPILATION_MODE = wholemodule;
				SWIFT_OPTIMIZATION_LEVEL = "-O";
				VALIDATE_PRODUCT = YES;
			};
			name = Release;
		};
		523B24D52229D89100F25B20 /* Debug */ = {
			isa = XCBuildConfiguration;
			buildSettings = {
				ASSETCATALOG_COMPILER_APPICON_NAME = AppIcon;
				CODE_SIGN_STYLE = Automatic;
				DEVELOPMENT_TEAM = PE88YGMV2H;
				INFOPLIST_FILE = ColorScroll/Info.plist;
				LD_RUNPATH_SEARCH_PATHS = (
					"$(inherited)",
					"@executable_path/Frameworks",
				);
				PRODUCT_BUNDLE_IDENTIFIER = App.ColorScroll;
				PRODUCT_NAME = "$(TARGET_NAME)";
				SWIFT_VERSION = 4.2;
				TARGETED_DEVICE_FAMILY = "1,2";
			};
			name = Debug;
		};
		523B24D62229D89100F25B20 /* Release */ = {
			isa = XCBuildConfiguration;
			buildSettings = {
				ASSETCATALOG_COMPILER_APPICON_NAME = AppIcon;
				CODE_SIGN_STYLE = Automatic;
				DEVELOPMENT_TEAM = PE88YGMV2H;
				INFOPLIST_FILE = ColorScroll/Info.plist;
				LD_RUNPATH_SEARCH_PATHS = (
					"$(inherited)",
					"@executable_path/Frameworks",
				);
				PRODUCT_BUNDLE_IDENTIFIER = App.ColorScroll;
				PRODUCT_NAME = "$(TARGET_NAME)";
				SWIFT_VERSION = 4.2;
				TARGETED_DEVICE_FAMILY = "1,2";
			};
			name = Release;
		};
		523B24D82229D89100F25B20 /* Debug */ = {
			isa = XCBuildConfiguration;
			buildSettings = {
				ALWAYS_EMBED_SWIFT_STANDARD_LIBRARIES = YES;
				BUNDLE_LOADER = "$(TEST_HOST)";
				CODE_SIGN_STYLE = Automatic;
				DEVELOPMENT_TEAM = PE88YGMV2H;
				INFOPLIST_FILE = ColorScrollTests/Info.plist;
				LD_RUNPATH_SEARCH_PATHS = (
					"$(inherited)",
					"@executable_path/Frameworks",
					"@loader_path/Frameworks",
				);
				PRODUCT_BUNDLE_IDENTIFIER = App.Elkhateeb.photonic.ColorScrollTests;
				PRODUCT_NAME = "$(TARGET_NAME)";
				SWIFT_VERSION = 4.2;
				TARGETED_DEVICE_FAMILY = "1,2";
				TEST_HOST = "$(BUILT_PRODUCTS_DIR)/ColorScroll.app/ColorScroll";
			};
			name = Debug;
		};
		523B24D92229D89100F25B20 /* Release */ = {
			isa = XCBuildConfiguration;
			buildSettings = {
				ALWAYS_EMBED_SWIFT_STANDARD_LIBRARIES = YES;
				BUNDLE_LOADER = "$(TEST_HOST)";
				CODE_SIGN_STYLE = Automatic;
				DEVELOPMENT_TEAM = PE88YGMV2H;
				INFOPLIST_FILE = ColorScrollTests/Info.plist;
				LD_RUNPATH_SEARCH_PATHS = (
					"$(inherited)",
					"@executable_path/Frameworks",
					"@loader_path/Frameworks",
				);
				PRODUCT_BUNDLE_IDENTIFIER = App.Elkhateeb.photonic.ColorScrollTests;
				PRODUCT_NAME = "$(TARGET_NAME)";
				SWIFT_VERSION = 4.2;
				TARGETED_DEVICE_FAMILY = "1,2";
				TEST_HOST = "$(BUILT_PRODUCTS_DIR)/ColorScroll.app/ColorScroll";
			};
			name = Release;
		};
		523B24DB2229D89100F25B20 /* Debug */ = {
			isa = XCBuildConfiguration;
			buildSettings = {
				ALWAYS_EMBED_SWIFT_STANDARD_LIBRARIES = YES;
				CODE_SIGN_STYLE = Automatic;
				DEVELOPMENT_TEAM = PE88YGMV2H;
				INFOPLIST_FILE = ColorScrollUITests/Info.plist;
				LD_RUNPATH_SEARCH_PATHS = (
					"$(inherited)",
					"@executable_path/Frameworks",
					"@loader_path/Frameworks",
				);
				PRODUCT_BUNDLE_IDENTIFIER = App.Elkhateeb.photonic.ColorScrollUITests;
				PRODUCT_NAME = "$(TARGET_NAME)";
				SWIFT_VERSION = 4.2;
				TARGETED_DEVICE_FAMILY = "1,2";
				TEST_TARGET_NAME = ColorScroll;
			};
			name = Debug;
		};
		523B24DC2229D89100F25B20 /* Release */ = {
			isa = XCBuildConfiguration;
			buildSettings = {
				ALWAYS_EMBED_SWIFT_STANDARD_LIBRARIES = YES;
				CODE_SIGN_STYLE = Automatic;
				DEVELOPMENT_TEAM = PE88YGMV2H;
				INFOPLIST_FILE = ColorScrollUITests/Info.plist;
				LD_RUNPATH_SEARCH_PATHS = (
					"$(inherited)",
					"@executable_path/Frameworks",
					"@loader_path/Frameworks",
				);
				PRODUCT_BUNDLE_IDENTIFIER = App.Elkhateeb.photonic.ColorScrollUITests;
				PRODUCT_NAME = "$(TARGET_NAME)";
				SWIFT_VERSION = 4.2;
				TARGETED_DEVICE_FAMILY = "1,2";
				TEST_TARGET_NAME = ColorScroll;
			};
			name = Release;
		};
/* End XCBuildConfiguration section */

/* Begin XCConfigurationList section */
		523B24A42229D89100F25B20 /* Build configuration list for PBXProject "ColorScroll" */ = {
			isa = XCConfigurationList;
			buildConfigurations = (
				523B24D22229D89100F25B20 /* Debug */,
				523B24D32229D89100F25B20 /* Release */,
			);
			defaultConfigurationIsVisible = 0;
			defaultConfigurationName = Release;
		};
		523B24D42229D89100F25B20 /* Build configuration list for PBXNativeTarget "ColorScroll" */ = {
			isa = XCConfigurationList;
			buildConfigurations = (
				523B24D52229D89100F25B20 /* Debug */,
				523B24D62229D89100F25B20 /* Release */,
			);
			defaultConfigurationIsVisible = 0;
			defaultConfigurationName = Release;
		};
		523B24D72229D89100F25B20 /* Build configuration list for PBXNativeTarget "ColorScrollTests" */ = {
			isa = XCConfigurationList;
			buildConfigurations = (
				523B24D82229D89100F25B20 /* Debug */,
				523B24D92229D89100F25B20 /* Release */,
			);
			defaultConfigurationIsVisible = 0;
			defaultConfigurationName = Release;
		};
		523B24DA2229D89100F25B20 /* Build configuration list for PBXNativeTarget "ColorScrollUITests" */ = {
			isa = XCConfigurationList;
			buildConfigurations = (
				523B24DB2229D89100F25B20 /* Debug */,
				523B24DC2229D89100F25B20 /* Release */,
			);
			defaultConfigurationIsVisible = 0;
			defaultConfigurationName = Release;
		};
/* End XCConfigurationList section */

/* Begin XCVersionGroup section */
		523B24B32229D89100F25B20 /* ColorScroll.xcdatamodeld */ = {
			isa = XCVersionGroup;
			children = (
				523B24B42229D89100F25B20 /* ColorScroll.xcdatamodel */,
			);
			currentVersion = 523B24B42229D89100F25B20 /* ColorScroll.xcdatamodel */;
			path = ColorScroll.xcdatamodeld;
			sourceTree = "<group>";
			versionGroupType = wrapper.xcdatamodel;
		};
/* End XCVersionGroup section */
	};
	rootObject = 523B24A12229D89100F25B20 /* Project object */;
}
